
Microsoft Visual Studio Solution File, Format Version 12.00
# Visual Studio Version 17
VisualStudioVersion = 17.9.34607.119
MinimumVisualStudioVersion = 10.0.40219.1
Project("{FAE04EC0-301F-11D3-BF4B-00C04F79EFBC}") = "AudioHotkey.Worker", "AudioHotkey.Worker\AudioHotkey.Worker.csproj", "{7CC85948-CEAD-4D83-8AF0-3492BB980E29}"
EndProject
Project("{FAE04EC0-301F-11D3-BF4B-00C04F79EFBC}") = "AudioHotkey.Config", "AudioHotkey.Config\AudioHotkey.Config.csproj", "{B5A01CA8-9A26-4E74-9EEB-54EB739B6177}"
EndProject
Project("{FAE04EC0-301F-11D3-BF4B-00C04F79EFBC}") = "AudioHotkey.Common", "AudioHotkey.Common\AudioHotkey.Common.csproj", "{86647B3F-1529-4B8C-B111-3E85E82A998C}"
EndProject
Global
	GlobalSection(SolutionConfigurationPlatforms) = preSolution
		Debug|Any CPU = Debug|Any CPU
		Release|Any CPU = Release|Any CPU
	EndGlobalSection
	GlobalSection(ProjectConfigurationPlatforms) = postSolution
		{7CC85948-CEAD-4D83-8AF0-3492BB980E29}.Debug|Any CPU.ActiveCfg = Debug|Any CPU
		{7CC85948-CEAD-4D83-8AF0-3492BB980E29}.Debug|Any CPU.Build.0 = Debug|Any CPU
		{7CC85948-CEAD-4D83-8AF0-3492BB980E29}.Release|Any CPU.ActiveCfg = Release|Any CPU
		{7CC85948-CEAD-4D83-8AF0-3492BB980E29}.Release|Any CPU.Build.0 = Release|Any CPU
		{B5A01CA8-9A26-4E74-9EEB-54EB739B6177}.Debug|Any CPU.ActiveCfg = Debug|Any CPU
		{B5A01CA8-9A26-4E74-9EEB-54EB739B6177}.Debug|Any CPU.Build.0 = Debug|Any CPU
		{B5A01CA8-9A26-4E74-9EEB-54EB739B6177}.Release|Any CPU.ActiveCfg = Release|Any CPU
		{B5A01CA8-9A26-4E74-9EEB-54EB739B6177}.Release|Any CPU.Build.0 = Release|Any CPU
		{86647B3F-1529-4B8C-B111-3E85E82A998C}.Debug|Any CPU.ActiveCfg = Debug|Any CPU
		{86647B3F-1529-4B8C-B111-3E85E82A998C}.Debug|Any CPU.Build.0 = Debug|Any CPU
		{86647B3F-1529-4B8C-B111-3E85E82A998C}.Release|Any CPU.ActiveCfg = Release|Any CPU
		{86647B3F-1529-4B8C-B111-3E85E82A998C}.Release|Any CPU.Build.0 = Release|Any CPU
	EndGlobalSection
	GlobalSection(SolutionProperties) = preSolution
		HideSolutionNode = FALSE
	EndGlobalSection
	GlobalSection(ExtensibilityGlobals) = postSolution
		SolutionGuid = {4B179282-1CF2-48F2-A971-A5ED15DF59EA}
	EndGlobalSection
EndGlobal
